
Microsoft Visual Studio Solution File, Format Version 12.00
# Visual Studio Version 16
VisualStudioVersion = 16.0.31402.337
MinimumVisualStudioVersion = 10.0.40219.1
Project("{FAE04EC0-301F-11D3-BF4B-00C04F79EFBC}") = "Business", "Business\Business.csproj", "{E059DDC3-B3F1-422B-806C-5DA152A8D7A6}"
EndProject
Project("{FAE04EC0-301F-11D3-BF4B-00C04F79EFBC}") = "DataAccess", "DataAccess\DataAccess.csproj", "{21067C56-87B5-4325-85B6-A40C28219371}"
EndProject
Project("{FAE04EC0-301F-11D3-BF4B-00C04F79EFBC}") = "Entities", "Entities\Entities.csproj", "{A66DEDAE-8ED4-4C09-A098-7CDDD8C6A70B}"
EndProject
Project("{FAE04EC0-301F-11D3-BF4B-00C04F79EFBC}") = "ConsoleUI", "ConsoleUI\ConsoleUI.csproj", "{5B0A6E11-0429-45C2-8FF2-A68C78005C5F}"
EndProject
Global
	GlobalSection(SolutionConfigurationPlatforms) = preSolution
		Debug|Any CPU = Debug|Any CPU
		Release|Any CPU = Release|Any CPU
	EndGlobalSection
	GlobalSection(ProjectConfigurationPlatforms) = postSolution
		{E059DDC3-B3F1-422B-806C-5DA152A8D7A6}.Debug|Any CPU.ActiveCfg = Debug|Any CPU
		{E059DDC3-B3F1-422B-806C-5DA152A8D7A6}.Debug|Any CPU.Build.0 = Debug|Any CPU
		{E059DDC3-B3F1-422B-806C-5DA152A8D7A6}.Release|Any CPU.ActiveCfg = Release|Any CPU
		{E059DDC3-B3F1-422B-806C-5DA152A8D7A6}.Release|Any CPU.Build.0 = Release|Any CPU
		{21067C56-87B5-4325-85B6-A40C28219371}.Debug|Any CPU.ActiveCfg = Debug|Any CPU
		{21067C56-87B5-4325-85B6-A40C28219371}.Debug|Any CPU.Build.0 = Debug|Any CPU
		{21067C56-87B5-4325-85B6-A40C28219371}.Release|Any CPU.ActiveCfg = Release|Any CPU
		{21067C56-87B5-4325-85B6-A40C28219371}.Release|Any CPU.Build.0 = Release|Any CPU
		{A66DEDAE-8ED4-4C09-A098-7CDDD8C6A70B}.Debug|Any CPU.ActiveCfg = Debug|Any CPU
		{A66DEDAE-8ED4-4C09-A098-7CDDD8C6A70B}.Debug|Any CPU.Build.0 = Debug|Any CPU
		{A66DEDAE-8ED4-4C09-A098-7CDDD8C6A70B}.Release|Any CPU.ActiveCfg = Release|Any CPU
		{A66DEDAE-8ED4-4C09-A098-7CDDD8C6A70B}.Release|Any CPU.Build.0 = Release|Any CPU
		{5B0A6E11-0429-45C2-8FF2-A68C78005C5F}.Debug|Any CPU.ActiveCfg = Debug|Any CPU
		{5B0A6E11-0429-45C2-8FF2-A68C78005C5F}.Debug|Any CPU.Build.0 = Debug|Any CPU
		{5B0A6E11-0429-45C2-8FF2-A68C78005C5F}.Release|Any CPU.ActiveCfg = Release|Any CPU
		{5B0A6E11-0429-45C2-8FF2-A68C78005C5F}.Release|Any CPU.Build.0 = Release|Any CPU
	EndGlobalSection
	GlobalSection(SolutionProperties) = preSolution
		HideSolutionNode = FALSE
	EndGlobalSection
	GlobalSection(ExtensibilityGlobals) = postSolution
		SolutionGuid = {B80AF0AA-F366-4844-AD7C-9CC93054C92E}
	EndGlobalSection
EndGlobal
